
Microsoft Visual Studio Solution File, Format Version 12.00
# Visual Studio Version 17
VisualStudioVersion = 17.5.33516.290
MinimumVisualStudioVersion = 10.0.40219.1
Project("{9A19103F-16F7-4668-BE54-9A1E7A4F7556}") = "BusinessAccessLayerP23", "BusinessAccessLayerP23\BusinessAccessLayerP23.csproj", "{28C70879-FDC6-4C84-B1B6-008D0F7471EE}"
EndProject
Project("{9A19103F-16F7-4668-BE54-9A1E7A4F7556}") = "FactoryPatternP23", "FactoryPatternP23\FactoryPatternP23.csproj", "{B3F4F05F-31EC-4C03-B935-B23D4F9BEDA4}"
EndProject
Global
	GlobalSection(SolutionConfigurationPlatforms) = preSolution
		Debug|Any CPU = Debug|Any CPU
		Release|Any CPU = Release|Any CPU
	EndGlobalSection
	GlobalSection(ProjectConfigurationPlatforms) = postSolution
		{28C70879-FDC6-4C84-B1B6-008D0F7471EE}.Debug|Any CPU.ActiveCfg = Debug|Any CPU
		{28C70879-FDC6-4C84-B1B6-008D0F7471EE}.Debug|Any CPU.Build.0 = Debug|Any CPU
		{28C70879-FDC6-4C84-B1B6-008D0F7471EE}.Release|Any CPU.ActiveCfg = Release|Any CPU
		{28C70879-FDC6-4C84-B1B6-008D0F7471EE}.Release|Any CPU.Build.0 = Release|Any CPU
		{B3F4F05F-31EC-4C03-B935-B23D4F9BEDA4}.Debug|Any CPU.ActiveCfg = Debug|Any CPU
		{B3F4F05F-31EC-4C03-B935-B23D4F9BEDA4}.Debug|Any CPU.Build.0 = Debug|Any CPU
		{B3F4F05F-31EC-4C03-B935-B23D4F9BEDA4}.Release|Any CPU.ActiveCfg = Release|Any CPU
		{B3F4F05F-31EC-4C03-B935-B23D4F9BEDA4}.Release|Any CPU.Build.0 = Release|Any CPU
	EndGlobalSection
	GlobalSection(SolutionProperties) = preSolution
		HideSolutionNode = FALSE
	EndGlobalSection
	GlobalSection(ExtensibilityGlobals) = postSolution
		SolutionGuid = {494B23C2-5306-4680-9DEE-E45CD3FBE4C1}
	EndGlobalSection
EndGlobal
