
Microsoft Visual Studio Solution File, Format Version 12.00
# Visual Studio Version 17
VisualStudioVersion = 17.5.33516.290
MinimumVisualStudioVersion = 10.0.40219.1
Project("{FAE04EC0-301F-11D3-BF4B-00C04F79EFBC}") = "RepositoryPatternP24", "RepositoryPatternP24\RepositoryPatternP24.csproj", "{F302F53D-5917-4072-A129-E2B293F05A85}"
EndProject
Project("{FAE04EC0-301F-11D3-BF4B-00C04F79EFBC}") = "DataAccessLayerP24", "DataAccessLayerP24\DataAccessLayerP24.csproj", "{7F8048ED-4D83-4C17-A999-6908E4B2BE25}"
EndProject
Global
	GlobalSection(SolutionConfigurationPlatforms) = preSolution
		Debug|Any CPU = Debug|Any CPU
		Release|Any CPU = Release|Any CPU
	EndGlobalSection
	GlobalSection(ProjectConfigurationPlatforms) = postSolution
		{F302F53D-5917-4072-A129-E2B293F05A85}.Debug|Any CPU.ActiveCfg = Debug|Any CPU
		{F302F53D-5917-4072-A129-E2B293F05A85}.Debug|Any CPU.Build.0 = Debug|Any CPU
		{F302F53D-5917-4072-A129-E2B293F05A85}.Release|Any CPU.ActiveCfg = Release|Any CPU
		{F302F53D-5917-4072-A129-E2B293F05A85}.Release|Any CPU.Build.0 = Release|Any CPU
		{7F8048ED-4D83-4C17-A999-6908E4B2BE25}.Debug|Any CPU.ActiveCfg = Debug|Any CPU
		{7F8048ED-4D83-4C17-A999-6908E4B2BE25}.Debug|Any CPU.Build.0 = Debug|Any CPU
		{7F8048ED-4D83-4C17-A999-6908E4B2BE25}.Release|Any CPU.ActiveCfg = Release|Any CPU
		{7F8048ED-4D83-4C17-A999-6908E4B2BE25}.Release|Any CPU.Build.0 = Release|Any CPU
	EndGlobalSection
	GlobalSection(SolutionProperties) = preSolution
		HideSolutionNode = FALSE
	EndGlobalSection
	GlobalSection(ExtensibilityGlobals) = postSolution
		SolutionGuid = {494B23C2-5306-4680-9DEE-E45CD3FBE4C1}
	EndGlobalSection
EndGlobal
